PODS:
  - AFNetworking (2.2.4):
    - AFNetworking/NSURLConnection
    - AFNetworking/NSURLSession
    - AFNetworking/Reachability
    - AFNetworking/Security
    - AFNetworking/Serialization
    - AFNetworking/UIKit
  - AFNetworking/NSURLConnection (2.2.4):
    - AFNetworking/Reachability
    - AFNetworking/Security
    - AFNetworking/Serialization
  - AFNetworking/NSURLSession (2.2.4):
    - AFNetworking/NSURLConnection
  - AFNetworking/Reachability (2.2.4)
  - AFNetworking/Security (2.2.4)
  - AFNetworking/Serialization (2.2.4)
  - AFNetworking/UIKit (2.2.4):
    - AFNetworking/NSURLConnection
    - AFNetworking/NSURLSession
  - IGDigest (1.1.0)

DEPENDENCIES:
  - AFNetworking (~> 2)
  - IGDigest (~> 1.1.0)

SPEC CHECKSUMS:
  AFNetworking: ab63e259fe91eef4519b371ef0a4955af0e73e64
  IGDigest: 9d142a7926ecc2983e6208d938ac5dddd26ed9c2

COCOAPODS: 0.33.1
