PODS:
  - AFNetworking (3.0.0):
    - AFNetworking/NSURLSession (= 3.0.0)
    - AFNetworking/Reachability (= 3.0.0)
    - AFNetworking/Security (= 3.0.0)
    - AFNetworking/Serialization (= 3.0.0)
    - AFNetworking/UIKit (= 3.0.0)
  - AFNetworking/NSURLSession (3.0.0):
    - AFNetworking/Reachability
    - AFNetworking/Security
    - AFNetworking/Serialization
  - AFNetworking/Reachability (3.0.0)
  - AFNetworking/Security (3.0.0)
  - AFNetworking/Serialization (3.0.0)
  - AFNetworking/UIKit (3.0.0):
    - AFNetworking/NSURLSession
  - IGDigest (1.1.2)

DEPENDENCIES:
  - AFNetworking (~> 3)
  - IGDigest (~> 1.1.0)

SPEC CHECKSUMS:
  AFNetworking: 932ff751f9d6fb1dad0b3af58b7e3ffba0a4e7fd
  IGDigest: 066753c10f3f1b593b00037b9ee93dc96b9e7762

COCOAPODS: 0.39.0
